// !$*UTF8*$!
{
	archiveVersion = 1;
	classes = {
	};
	objectVersion = 46;
	objects = {

/* Begin PBXBuildFile section */
		C334A2D816F4978B0074DC8A /* opencv2.framework in Frameworks */ = {isa = PBXBuildFile; fileRef = C334A2D716F4978B0074DC8A /* opencv2.framework */; };
		C334A2DD16F5E7210074DC8A /* GLView.mm in Sources */ = {isa = PBXBuildFile; fileRef = C334A2DC16F5E7210074DC8A /* GLView.mm */; };
		C334A2E016F5E7840074DC8A /* GLRenderer.mm in Sources */ = {isa = PBXBuildFile; fileRef = C334A2DF16F5E7840074DC8A /* GLRenderer.mm */; };
		C334A2E216F5E9DF0074DC8A /* OpenGLES.framework in Frameworks */ = {isa = PBXBuildFile; fileRef = C334A2E116F5E9DF0074DC8A /* OpenGLES.framework */; };
		C334A2E416F5EBB90074DC8A /* QuartzCore.framework in Frameworks */ = {isa = PBXBuildFile; fileRef = C334A2E316F5EBB90074DC8A /* QuartzCore.framework */; };
		C334A2E716F5F4090074DC8A /* BaseArView.mm in Sources */ = {isa = PBXBuildFile; fileRef = C334A2E616F5F4090074DC8A /* BaseArView.mm */; };
		C334A2EF16F6413E0074DC8A /* BasePipe.cpp in Sources */ = {isa = PBXBuildFile; fileRef = C334A2ED16F6413E0074DC8A /* BasePipe.cpp */; };
		C334A2F516F641E40074DC8A /* BaseFrameSource.cpp in Sources */ = {isa = PBXBuildFile; fileRef = C334A2F316F641E40074DC8A /* BaseFrameSource.cpp */; };
		C334A2F816F6422B0074DC8A /* BasePipeOutput.cpp in Sources */ = {isa = PBXBuildFile; fileRef = C334A2F616F6422B0074DC8A /* BasePipeOutput.cpp */; };
		C334A2FC16F643B10074DC8A /* BaseFrameContainer.cpp in Sources */ = {isa = PBXBuildFile; fileRef = C334A2FA16F643B10074DC8A /* BaseFrameContainer.cpp */; };
		C334A2FF16F644FD0074DC8A /* CameraFrameSource.mm in Sources */ = {isa = PBXBuildFile; fileRef = C334A2FE16F644FD0074DC8A /* CameraFrameSource.mm */; };
		C334A30216F650340074DC8A /* Frame.cpp in Sources */ = {isa = PBXBuildFile; fileRef = C334A30016F650340074DC8A /* Frame.cpp */; };
		C380368016F47DE400961368 /* UIKit.framework in Frameworks */ = {isa = PBXBuildFile; fileRef = C380367F16F47DE400961368 /* UIKit.framework */; };
		C380368216F47DE400961368 /* Foundation.framework in Frameworks */ = {isa = PBXBuildFile; fileRef = C380368116F47DE400961368 /* Foundation.framework */; };
		C380368416F47DE400961368 /* CoreGraphics.framework in Frameworks */ = {isa = PBXBuildFile; fileRef = C380368316F47DE400961368 /* CoreGraphics.framework */; };
		C380368A16F47DE500961368 /* InfoPlist.strings in Resources */ = {isa = PBXBuildFile; fileRef = C380368816F47DE500961368 /* InfoPlist.strings */; };
		C380368C16F47DE500961368 /* main.m in Sources */ = {isa = PBXBuildFile; fileRef = C380368B16F47DE500961368 /* main.m */; };
		C380369016F47DE500961368 /* AppDelegate.mm in Sources */ = {isa = PBXBuildFile; fileRef = C380368F16F47DE500961368 /* AppDelegate.mm */; };
		C380369216F47DE500961368 /* Default.png in Resources */ = {isa = PBXBuildFile; fileRef = C380369116F47DE500961368 /* Default.png */; };
		C380369416F47DE500961368 /* Default@2x.png in Resources */ = {isa = PBXBuildFile; fileRef = C380369316F47DE500961368 /* Default@2x.png */; };
		C380369616F47DE500961368 /* Default-568h@2x.png in Resources */ = {isa = PBXBuildFile; fileRef = C380369516F47DE500961368 /* Default-568h@2x.png */; };
		C380369916F47DE500961368 /* ViewController.mm in Sources */ = {isa = PBXBuildFile; fileRef = C380369816F47DE500961368 /* ViewController.mm */; };
		C380369C16F47DE500961368 /* ViewController.xib in Resources */ = {isa = PBXBuildFile; fileRef = C380369A16F47DE500961368 /* ViewController.xib */; };
		C39B025516FF63EA006A0A6E /* CoreVideo.framework in Frameworks */ = {isa = PBXBuildFile; fileRef = C39B025416FF63EA006A0A6E /* CoreVideo.framework */; };
		C39B025916FF6557006A0A6E /* AVFoundation.framework in Frameworks */ = {isa = PBXBuildFile; fileRef = C39B025816FF6557006A0A6E /* AVFoundation.framework */; };
		C39B025B16FF6599006A0A6E /* ImageIO.framework in Frameworks */ = {isa = PBXBuildFile; fileRef = C39B025A16FF6599006A0A6E /* ImageIO.framework */; };
		C39B025C16FF65C5006A0A6E /* CoreMedia.framework in Frameworks */ = {isa = PBXBuildFile; fileRef = C39B025616FF645B006A0A6E /* CoreMedia.framework */; };
		C39B025F16FF701A006A0A6E /* PipeOutputConnector.cpp in Sources */ = {isa = PBXBuildFile; fileRef = C39B025D16FF701A006A0A6E /* PipeOutputConnector.cpp */; };
		C3AA3B901719611600152746 /* DetectPolygons.cpp in Sources */ = {isa = PBXBuildFile; fileRef = C3AA3B8E1719611600152746 /* DetectPolygons.cpp */; };
		C3AA3B9317196AF500152746 /* Marker.cpp in Sources */ = {isa = PBXBuildFile; fileRef = C3AA3B9117196AF500152746 /* Marker.cpp */; };
		C3AA3B97171B3E2400152746 /* cameraparameters.cpp in Sources */ = {isa = PBXBuildFile; fileRef = C3AA3B95171B3E2400152746 /* cameraparameters.cpp */; };
		C3AA3B9B171B41BF00152746 /* SquareMarkerDetector.cpp in Sources */ = {isa = PBXBuildFile; fileRef = C3AA3B99171B41BF00152746 /* SquareMarkerDetector.cpp */; };
		C3BEB9BA1710AA90000B5C72 /* BlackAndWhite.cpp in Sources */ = {isa = PBXBuildFile; fileRef = C3BEB9B81710AA8F000B5C72 /* BlackAndWhite.cpp */; };
		C3BEB9BD17116141000B5C72 /* Canny.cpp in Sources */ = {isa = PBXBuildFile; fileRef = C3BEB9BB17116141000B5C72 /* Canny.cpp */; };
		C3BEB9C017116204000B5C72 /* PipeLine.cpp in Sources */ = {isa = PBXBuildFile; fileRef = C3BEB9BE17116202000B5C72 /* PipeLine.cpp */; };
		C3BEB9C31711AFF6000B5C72 /* Blur.cpp in Sources */ = {isa = PBXBuildFile; fileRef = C3BEB9C11711AFF5000B5C72 /* Blur.cpp */; };
		C3BEB9C81711C759000B5C72 /* FindContours.cpp in Sources */ = {isa = PBXBuildFile; fileRef = C3BEB9C61711C759000B5C72 /* FindContours.cpp */; };
		C3BEB9CB1711D688000B5C72 /* Shapes.cpp in Sources */ = {isa = PBXBuildFile; fileRef = C3BEB9C91711D688000B5C72 /* Shapes.cpp */; };
		C3BEB9CE1711F749000B5C72 /* DrawContrours.cpp in Sources */ = {isa = PBXBuildFile; fileRef = C3BEB9CC1711F749000B5C72 /* DrawContrours.cpp */; };
		C3C4902F173EF4190076DD78 /* PipeMerge.cpp in Sources */ = {isa = PBXBuildFile; fileRef = C3C4902D173EF4190076DD78 /* PipeMerge.cpp */; };
		C3CB29071709DC840068E8BA /* original-coffee-88.jpg in Resources */ = {isa = PBXBuildFile; fileRef = C3CB29061709DC840068E8BA /* original-coffee-88.jpg */; };
		C3CB290C1709F9C10068E8BA /* PolarRotate.cpp in Sources */ = {isa = PBXBuildFile; fileRef = C3CB290A1709F9C10068E8BA /* PolarRotate.cpp */; };
		C3CB290F170A1A7F0068E8BA /* Threshold.cpp in Sources */ = {isa = PBXBuildFile; fileRef = C3CB290D170A1A7E0068E8BA /* Threshold.cpp */; };
		C3D69EE4173E5AD5004DE7FF /* FiducidalMarkerIdentifier.cpp in Sources */ = {isa = PBXBuildFile; fileRef = C3D69EE2173E5AD5004DE7FF /* FiducidalMarkerIdentifier.cpp */; };
		C3D69EE8173E5C09004DE7FF /* CameraApply.cpp in Sources */ = {isa = PBXBuildFile; fileRef = C3D69EE6173E5C09004DE7FF /* CameraApply.cpp */; };
		C3D69EEA173E64F1004DE7FF /* libc++.dylib in Frameworks */ = {isa = PBXBuildFile; fileRef = C3D69EE9173E64F1004DE7FF /* libc++.dylib */; };
/* End PBXBuildFile section */

/* Begin PBXFileReference section */
		C334A2D716F4978B0074DC8A /* opencv2.framework */ = {isa = PBXFileReference; lastKnownFileType = wrapper.framework; name = opencv2.framework; path = OpenCVbuild/opencv2.framework; sourceTree = "<group>"; };
		C334A2DB16F5E7210074DC8A /* GLView.h */ = {isa = PBXFileReference; fileEncoding = 4; lastKnownFileType = sourcecode.c.h; name = GLView.h; path = Framework/UI/GLView.h; sourceTree = SOURCE_ROOT; };
		C334A2DC16F5E7210074DC8A /* GLView.mm */ = {isa = PBXFileReference; fileEncoding = 4; lastKnownFileType = sourcecode.cpp.objcpp; name = GLView.mm; path = Framework/UI/GLView.mm; sourceTree = SOURCE_ROOT; };
		C334A2DE16F5E7840074DC8A /* GLRenderer.h */ = {isa = PBXFileReference; fileEncoding = 4; lastKnownFileType = sourcecode.c.h; name = GLRenderer.h; path = Framework/UI/GLRenderer.h; sourceTree = SOURCE_ROOT; };
		C334A2DF16F5E7840074DC8A /* GLRenderer.mm */ = {isa = PBXFileReference; fileEncoding = 4; lastKnownFileType = sourcecode.cpp.objcpp; name = GLRenderer.mm; path = Framework/UI/GLRenderer.mm; sourceTree = SOURCE_ROOT; };
		C334A2E116F5E9DF0074DC8A /* OpenGLES.framework */ = {isa = PBXFileReference; lastKnownFileType = wrapper.framework; name = OpenGLES.framework; path = System/Library/Frameworks/OpenGLES.framework; sourceTree = SDKROOT; };
		C334A2E316F5EBB90074DC8A /* QuartzCore.framework */ = {isa = PBXFileReference; lastKnownFileType = wrapper.framework; name = QuartzCore.framework; path = System/Library/Frameworks/QuartzCore.framework; sourceTree = SDKROOT; };
		C334A2E516F5F4090074DC8A /* BaseArView.h */ = {isa = PBXFileReference; fileEncoding = 4; lastKnownFileType = sourcecode.c.h; name = BaseArView.h; path = Framework/UI/BaseArView.h; sourceTree = SOURCE_ROOT; };
		C334A2E616F5F4090074DC8A /* BaseArView.mm */ = {isa = PBXFileReference; fileEncoding = 4; lastKnownFileType = sourcecode.cpp.objcpp; name = BaseArView.mm; path = Framework/UI/BaseArView.mm; sourceTree = SOURCE_ROOT; };
		C334A2ED16F6413E0074DC8A /* BasePipe.cpp */ = {isa = PBXFileReference; fileEncoding = 4; lastKnownFileType = sourcecode.cpp.cpp; name = BasePipe.cpp; path = Framework/Model/BasePipe.cpp; sourceTree = SOURCE_ROOT; };
		C334A2EE16F6413E0074DC8A /* BasePipe.h */ = {isa = PBXFileReference; fileEncoding = 4; lastKnownFileType = sourcecode.c.h; name = BasePipe.h; path = Framework/Model/BasePipe.h; sourceTree = SOURCE_ROOT; };
		C334A2F316F641E40074DC8A /* BaseFrameSource.cpp */ = {isa = PBXFileReference; fileEncoding = 4; lastKnownFileType = sourcecode.cpp.cpp; name = BaseFrameSource.cpp; path = Framework/Model/BaseFrameSource.cpp; sourceTree = SOURCE_ROOT; };
		C334A2F416F641E40074DC8A /* BaseFrameSource.h */ = {isa = PBXFileReference; fileEncoding = 4; lastKnownFileType = sourcecode.c.h; name = BaseFrameSource.h; path = Framework/Model/BaseFrameSource.h; sourceTree = SOURCE_ROOT; };
		C334A2F616F6422B0074DC8A /* BasePipeOutput.cpp */ = {isa = PBXFileReference; fileEncoding = 4; lastKnownFileType = sourcecode.cpp.cpp; name = BasePipeOutput.cpp; path = Framework/Model/BasePipeOutput.cpp; sourceTree = SOURCE_ROOT; };
		C334A2F716F6422B0074DC8A /* BasePipeOutput.h */ = {isa = PBXFileReference; fileEncoding = 4; lastKnownFileType = sourcecode.c.h; name = BasePipeOutput.h; path = Framework/Model/BasePipeOutput.h; sourceTree = SOURCE_ROOT; };
		C334A2FA16F643B10074DC8A /* BaseFrameContainer.cpp */ = {isa = PBXFileReference; fileEncoding = 4; lastKnownFileType = sourcecode.cpp.cpp; name = BaseFrameContainer.cpp; path = Framework/Model/BaseFrameContainer.cpp; sourceTree = SOURCE_ROOT; };
		C334A2FB16F643B10074DC8A /* BaseFrameContainer.h */ = {isa = PBXFileReference; fileEncoding = 4; lastKnownFileType = sourcecode.c.h; name = BaseFrameContainer.h; path = Framework/Model/BaseFrameContainer.h; sourceTree = SOURCE_ROOT; };
		C334A2FD16F644FD0074DC8A /* CameraFrameSource.h */ = {isa = PBXFileReference; fileEncoding = 4; lastKnownFileType = sourcecode.c.h; name = CameraFrameSource.h; path = ../Framework/iOSConnectors/CameraFrameSource.h; sourceTree = "<group>"; };
		C334A2FE16F644FD0074DC8A /* CameraFrameSource.mm */ = {isa = PBXFileReference; explicitFileType = sourcecode.cpp.objcpp; fileEncoding = 4; name = CameraFrameSource.mm; path = ../Framework/iOSConnectors/CameraFrameSource.mm; sourceTree = "<group>"; };
		C334A30016F650340074DC8A /* Frame.cpp */ = {isa = PBXFileReference; fileEncoding = 4; lastKnownFileType = sourcecode.cpp.cpp; name = Frame.cpp; path = Framework/Model/Frame.cpp; sourceTree = SOURCE_ROOT; };
		C334A30116F650340074DC8A /* Frame.h */ = {isa = PBXFileReference; fileEncoding = 4; lastKnownFileType = sourcecode.c.h; name = Frame.h; path = Framework/Model/Frame.h; sourceTree = SOURCE_ROOT; };
		C380367C16F47DE400961368 /* AR.app */ = {isa = PBXFileReference; explicitFileType = wrapper.application; includeInIndex = 0; path = AR.app; sourceTree = BUILT_PRODUCTS_DIR; };
		C380367F16F47DE400961368 /* UIKit.framework */ = {isa = PBXFileReference; lastKnownFileType = wrapper.framework; name = UIKit.framework; path = System/Library/Frameworks/UIKit.framework; sourceTree = SDKROOT; };
		C380368116F47DE400961368 /* Foundation.framework */ = {isa = PBXFileReference; lastKnownFileType = wrapper.framework; name = Foundation.framework; path = System/Library/Frameworks/Foundation.framework; sourceTree = SDKROOT; };
		C380368316F47DE400961368 /* CoreGraphics.framework */ = {isa = PBXFileReference; lastKnownFileType = wrapper.framework; name = CoreGraphics.framework; path = System/Library/Frameworks/CoreGraphics.framework; sourceTree = SDKROOT; };
		C380368716F47DE500961368 /* AR-Info.plist */ = {isa = PBXFileReference; lastKnownFileType = text.plist.xml; path = "AR-Info.plist"; sourceTree = "<group>"; };
		C380368916F47DE500961368 /* en */ = {isa = PBXFileReference; lastKnownFileType = text.plist.strings; name = en; path = en.lproj/InfoPlist.strings; sourceTree = "<group>"; };
		C380368B16F47DE500961368 /* main.m */ = {isa = PBXFileReference; lastKnownFileType = sourcecode.c.objc; path = main.m; sourceTree = "<group>"; };
		C380368D16F47DE500961368 /* AR-Prefix.pch */ = {isa = PBXFileReference; lastKnownFileType = sourcecode.c.h; path = "AR-Prefix.pch"; sourceTree = "<group>"; };
		C380368E16F47DE500961368 /* AppDelegate.h */ = {isa = PBXFileReference; lastKnownFileType = sourcecode.c.h; path = AppDelegate.h; sourceTree = "<group>"; };
		C380368F16F47DE500961368 /* AppDelegate.mm */ = {isa = PBXFileReference; lastKnownFileType = sourcecode.cpp.objcpp; path = AppDelegate.mm; sourceTree = "<group>"; };
		C380369116F47DE500961368 /* Default.png */ = {isa = PBXFileReference; lastKnownFileType = image.png; path = Default.png; sourceTree = "<group>"; };
		C380369316F47DE500961368 /* Default@2x.png */ = {isa = PBXFileReference; lastKnownFileType = image.png; path = "Default@2x.png"; sourceTree = "<group>"; };
		C380369516F47DE500961368 /* Default-568h@2x.png */ = {isa = PBXFileReference; lastKnownFileType = image.png; path = "Default-568h@2x.png"; sourceTree = "<group>"; };
		C380369716F47DE500961368 /* ViewController.h */ = {isa = PBXFileReference; lastKnownFileType = sourcecode.c.h; path = ViewController.h; sourceTree = "<group>"; };
		C380369816F47DE500961368 /* ViewController.mm */ = {isa = PBXFileReference; lastKnownFileType = sourcecode.cpp.objcpp; path = ViewController.mm; sourceTree = "<group>"; };
		C380369B16F47DE500961368 /* en */ = {isa = PBXFileReference; lastKnownFileType = file.xib; name = en; path = en.lproj/ViewController.xib; sourceTree = "<group>"; };
		C39B025416FF63EA006A0A6E /* CoreVideo.framework */ = {isa = PBXFileReference; lastKnownFileType = wrapper.framework; name = CoreVideo.framework; path = System/Library/Frameworks/CoreVideo.framework; sourceTree = SDKROOT; };
		C39B025616FF645B006A0A6E /* CoreMedia.framework */ = {isa = PBXFileReference; lastKnownFileType = wrapper.framework; name = CoreMedia.framework; path = System/Library/Frameworks/CoreMedia.framework; sourceTree = SDKROOT; };
		C39B025816FF6557006A0A6E /* AVFoundation.framework */ = {isa = PBXFileReference; lastKnownFileType = wrapper.framework; name = AVFoundation.framework; path = System/Library/Frameworks/AVFoundation.framework; sourceTree = SDKROOT; };
		C39B025A16FF6599006A0A6E /* ImageIO.framework */ = {isa = PBXFileReference; lastKnownFileType = wrapper.framework; name = ImageIO.framework; path = System/Library/Frameworks/ImageIO.framework; sourceTree = SDKROOT; };
		C39B025D16FF701A006A0A6E /* PipeOutputConnector.cpp */ = {isa = PBXFileReference; fileEncoding = 4; lastKnownFileType = sourcecode.cpp.cpp; name = PipeOutputConnector.cpp; path = Framework/iOSConnectors/PipeOutputConnector.cpp; sourceTree = SOURCE_ROOT; };
		C39B025E16FF701A006A0A6E /* PipeOutputConnector.h */ = {isa = PBXFileReference; fileEncoding = 4; lastKnownFileType = sourcecode.c.h; name = PipeOutputConnector.h; path = Framework/iOSConnectors/PipeOutputConnector.h; sourceTree = SOURCE_ROOT; };
		C39B026016FF8B80006A0A6E /* ArPipeFramework.h */ = {isa = PBXFileReference; lastKnownFileType = sourcecode.c.h; name = ArPipeFramework.h; path = Framework/ArPipeFramework.h; sourceTree = SOURCE_ROOT; };
		C39B026116FF8DDF006A0A6E /* ArPipeObjcUtils.h */ = {isa = PBXFileReference; lastKnownFileType = sourcecode.c.h; name = ArPipeObjcUtils.h; path = Framework/ArPipeObjcUtils.h; sourceTree = SOURCE_ROOT; };
		C3AA3B8E1719611600152746 /* DetectPolygons.cpp */ = {isa = PBXFileReference; fileEncoding = 4; lastKnownFileType = sourcecode.cpp.cpp; name = DetectPolygons.cpp; path = Framework/Pipes/Recognizers/DetectPolygons.cpp; sourceTree = SOURCE_ROOT; };
		C3AA3B8F1719611600152746 /* DetectPolygons.h */ = {isa = PBXFileReference; fileEncoding = 4; lastKnownFileType = sourcecode.c.h; name = DetectPolygons.h; path = Framework/Pipes/Recognizers/DetectPolygons.h; sourceTree = SOURCE_ROOT; };
		C3AA3B9117196AF500152746 /* Marker.cpp */ = {isa = PBXFileReference; fileEncoding = 4; lastKnownFileType = sourcecode.cpp.cpp; name = Marker.cpp; path = Framework/Model/Marker.cpp; sourceTree = SOURCE_ROOT; };
		C3AA3B9217196AF500152746 /* Marker.h */ = {isa = PBXFileReference; fileEncoding = 4; lastKnownFileType = sourcecode.c.h; name = Marker.h; path = Framework/Model/Marker.h; sourceTree = SOURCE_ROOT; };
		C3AA3B95171B3E2400152746 /* cameraparameters.cpp */ = {isa = PBXFileReference; fileEncoding = 4; lastKnownFileType = sourcecode.cpp.cpp; name = cameraparameters.cpp; path = Framework/ArucoUtils/cameraparameters.cpp; sourceTree = SOURCE_ROOT; };
		C3AA3B96171B3E2400152746 /* cameraparameters.h */ = {isa = PBXFileReference; fileEncoding = 4; lastKnownFileType = sourcecode.c.h; name = cameraparameters.h; path = Framework/ArucoUtils/cameraparameters.h; sourceTree = SOURCE_ROOT; };
		C3AA3B99171B41BF00152746 /* SquareMarkerDetector.cpp */ = {isa = PBXFileReference; fileEncoding = 4; lastKnownFileType = sourcecode.cpp.cpp; name = SquareMarkerDetector.cpp; path = Framework/Pipes/Detectors/SquareMarkerDetector.cpp; sourceTree = SOURCE_ROOT; };
		C3AA3B9A171B41BF00152746 /* SquareMarkerDetector.h */ = {isa = PBXFileReference; fileEncoding = 4; lastKnownFileType = sourcecode.c.h; name = SquareMarkerDetector.h; path = Framework/Pipes/Detectors/SquareMarkerDetector.h; sourceTree = SOURCE_ROOT; };
		C3BEB9B81710AA8F000B5C72 /* BlackAndWhite.cpp */ = {isa = PBXFileReference; fileEncoding = 4; lastKnownFileType = sourcecode.cpp.cpp; name = BlackAndWhite.cpp; path = Framework/Pipes/Effects/BlackAndWhite.cpp; sourceTree = SOURCE_ROOT; };
		C3BEB9B91710AA8F000B5C72 /* BlackAndWhite.h */ = {isa = PBXFileReference; fileEncoding = 4; lastKnownFileType = sourcecode.c.h; name = BlackAndWhite.h; path = Framework/Pipes/Effects/BlackAndWhite.h; sourceTree = SOURCE_ROOT; };
		C3BEB9BB17116141000B5C72 /* Canny.cpp */ = {isa = PBXFileReference; fileEncoding = 4; lastKnownFileType = sourcecode.cpp.cpp; name = Canny.cpp; path = Framework/Pipes/Effects/Canny.cpp; sourceTree = SOURCE_ROOT; };
		C3BEB9BC17116141000B5C72 /* Canny.h */ = {isa = PBXFileReference; fileEncoding = 4; lastKnownFileType = sourcecode.c.h; name = Canny.h; path = Framework/Pipes/Effects/Canny.h; sourceTree = SOURCE_ROOT; };
		C3BEB9BE17116202000B5C72 /* PipeLine.cpp */ = {isa = PBXFileReference; fileEncoding = 4; lastKnownFileType = sourcecode.cpp.cpp; name = PipeLine.cpp; path = Framework/Model/PipeLine.cpp; sourceTree = SOURCE_ROOT; };
		C3BEB9BF17116203000B5C72 /* PipeLine.h */ = {isa = PBXFileReference; fileEncoding = 4; lastKnownFileType = sourcecode.c.h; name = PipeLine.h; path = Framework/Model/PipeLine.h; sourceTree = SOURCE_ROOT; };
		C3BEB9C11711AFF5000B5C72 /* Blur.cpp */ = {isa = PBXFileReference; fileEncoding = 4; lastKnownFileType = sourcecode.cpp.cpp; name = Blur.cpp; path = Framework/Pipes/Effects/Blur.cpp; sourceTree = SOURCE_ROOT; };
		C3BEB9C21711AFF6000B5C72 /* Blur.h */ = {isa = PBXFileReference; fileEncoding = 4; lastKnownFileType = sourcecode.c.h; name = Blur.h; path = Framework/Pipes/Effects/Blur.h; sourceTree = SOURCE_ROOT; };
		C3BEB9C61711C759000B5C72 /* FindContours.cpp */ = {isa = PBXFileReference; fileEncoding = 4; lastKnownFileType = sourcecode.cpp.cpp; name = FindContours.cpp; path = Framework/Pipes/Recognizers/FindContours.cpp; sourceTree = SOURCE_ROOT; };
		C3BEB9C71711C759000B5C72 /* FindContours.h */ = {isa = PBXFileReference; fileEncoding = 4; lastKnownFileType = sourcecode.c.h; name = FindContours.h; path = Framework/Pipes/Recognizers/FindContours.h; sourceTree = SOURCE_ROOT; };
		C3BEB9C91711D688000B5C72 /* Shapes.cpp */ = {isa = PBXFileReference; fileEncoding = 4; lastKnownFileType = sourcecode.cpp.cpp; name = Shapes.cpp; path = Framework/Model/Shapes.cpp; sourceTree = SOURCE_ROOT; };
		C3BEB9CA1711D688000B5C72 /* Shapes.h */ = {isa = PBXFileReference; fileEncoding = 4; lastKnownFileType = sourcecode.c.h; name = Shapes.h; path = Framework/Model/Shapes.h; sourceTree = SOURCE_ROOT; };
		C3BEB9CC1711F749000B5C72 /* DrawContrours.cpp */ = {isa = PBXFileReference; fileEncoding = 4; lastKnownFileType = sourcecode.cpp.cpp; name = DrawContrours.cpp; path = ../Framework/Pipes/Drawers/DrawContrours.cpp; sourceTree = "<group>"; };
		C3BEB9CD1711F749000B5C72 /* DrawContrours.h */ = {isa = PBXFileReference; fileEncoding = 4; lastKnownFileType = sourcecode.c.h; name = DrawContrours.h; path = ../Framework/Pipes/Drawers/DrawContrours.h; sourceTree = "<group>"; };
		C3C4902D173EF4190076DD78 /* PipeMerge.cpp */ = {isa = PBXFileReference; fileEncoding = 4; lastKnownFileType = sourcecode.cpp.cpp; name = PipeMerge.cpp; path = Framework/Model/PipeMerge.cpp; sourceTree = SOURCE_ROOT; };
		C3C4902E173EF4190076DD78 /* PipeMerge.h */ = {isa = PBXFileReference; fileEncoding = 4; lastKnownFileType = sourcecode.c.h; name = PipeMerge.h; path = Framework/Model/PipeMerge.h; sourceTree = SOURCE_ROOT; };
		C3CB29061709DC840068E8BA /* original-coffee-88.jpg */ = {isa = PBXFileReference; lastKnownFileType = image.jpeg; path = "original-coffee-88.jpg"; sourceTree = "<group>"; };
		C3CB290A1709F9C10068E8BA /* PolarRotate.cpp */ = {isa = PBXFileReference; fileEncoding = 4; lastKnownFileType = sourcecode.cpp.cpp; name = PolarRotate.cpp; path = Framework/Pipes/Basic/PolarRotate.cpp; sourceTree = SOURCE_ROOT; };
		C3CB290B1709F9C10068E8BA /* PolarRotate.h */ = {isa = PBXFileReference; fileEncoding = 4; lastKnownFileType = sourcecode.c.h; name = PolarRotate.h; path = Framework/Pipes/Basic/PolarRotate.h; sourceTree = SOURCE_ROOT; };
		C3CB290D170A1A7E0068E8BA /* Threshold.cpp */ = {isa = PBXFileReference; fileEncoding = 4; lastKnownFileType = sourcecode.cpp.cpp; name = Threshold.cpp; path = Framework/Pipes/Effects/Threshold.cpp; sourceTree = SOURCE_ROOT; };
		C3CB290E170A1A7F0068E8BA /* Threshold.h */ = {isa = PBXFileReference; fileEncoding = 4; lastKnownFileType = sourcecode.c.h; name = Threshold.h; path = Framework/Pipes/Effects/Threshold.h; sourceTree = SOURCE_ROOT; };
		C3D69EE2173E5AD5004DE7FF /* FiducidalMarkerIdentifier.cpp */ = {isa = PBXFileReference; fileEncoding = 4; lastKnownFileType = sourcecode.cpp.cpp; name = FiducidalMarkerIdentifier.cpp; path = Framework/Pipes/MarkerIdentifiers/FiducidalMarkerIdentifier.cpp; sourceTree = SOURCE_ROOT; };
		C3D69EE3173E5AD5004DE7FF /* FiducidalMarkerIdentifier.h */ = {isa = PBXFileReference; fileEncoding = 4; lastKnownFileType = sourcecode.c.h; name = FiducidalMarkerIdentifier.h; path = Framework/Pipes/MarkerIdentifiers/FiducidalMarkerIdentifier.h; sourceTree = SOURCE_ROOT; };
		C3D69EE6173E5C09004DE7FF /* CameraApply.cpp */ = {isa = PBXFileReference; fileEncoding = 4; lastKnownFileType = sourcecode.cpp.cpp; name = CameraApply.cpp; path = Framework/Pipes/CameraApply/CameraApply.cpp; sourceTree = SOURCE_ROOT; };
		C3D69EE7173E5C09004DE7FF /* CameraApply.h */ = {isa = PBXFileReference; fileEncoding = 4; lastKnownFileType = sourcecode.c.h; name = CameraApply.h; path = Framework/Pipes/CameraApply/CameraApply.h; sourceTree = SOURCE_ROOT; };
		C3D69EE9173E64F1004DE7FF /* libc++.dylib */ = {isa = PBXFileReference; lastKnownFileType = "compiled.mach-o.dylib"; name = "libc++.dylib"; path = "usr/lib/libc++.dylib"; sourceTree = SDKROOT; };
/* End PBXFileReference section */

/* Begin PBXFrameworksBuildPhase section */
		C380367916F47DE400961368 /* Frameworks */ = {
			isa = PBXFrameworksBuildPhase;
			buildActionMask = 2147483647;
			files = (
				C3D69EEA173E64F1004DE7FF /* libc++.dylib in Frameworks */,
				C39B025C16FF65C5006A0A6E /* CoreMedia.framework in Frameworks */,
				C39B025B16FF6599006A0A6E /* ImageIO.framework in Frameworks */,
				C39B025916FF6557006A0A6E /* AVFoundation.framework in Frameworks */,
				C380368416F47DE400961368 /* CoreGraphics.framework in Frameworks */,
				C39B025516FF63EA006A0A6E /* CoreVideo.framework in Frameworks */,
				C334A2E416F5EBB90074DC8A /* QuartzCore.framework in Frameworks */,
				C334A2E216F5E9DF0074DC8A /* OpenGLES.framework in Frameworks */,
				C334A2D816F4978B0074DC8A /* opencv2.framework in Frameworks */,
				C380368016F47DE400961368 /* UIKit.framework in Frameworks */,
				C380368216F47DE400961368 /* Foundation.framework in Frameworks */,
			);
			runOnlyForDeploymentPostprocessing = 0;
		};
/* End PBXFrameworksBuildPhase section */

/* Begin PBXGroup section */
		C334A2D916F4979D0074DC8A /* ARFramework */ = {
			isa = PBXGroup;
			children = (
				C3AA3B94171B3CD500152746 /* ArucoUtils */,
				C3CB29081709F94D0068E8BA /* Pipes */,
				C39B026116FF8DDF006A0A6E /* ArPipeObjcUtils.h */,
				C39B026016FF8B80006A0A6E /* ArPipeFramework.h */,
				C334A2DA16F4FB0C0074DC8A /* UI */,
				C334A2F916F643290074DC8A /* iOSconnectors */,
				C334A2E816F63F8D0074DC8A /* Model */,
			);
			name = ARFramework;
			path = AR;
			sourceTree = "<group>";
		};
		C334A2DA16F4FB0C0074DC8A /* UI */ = {
			isa = PBXGroup;
			children = (
				C334A2DB16F5E7210074DC8A /* GLView.h */,
				C334A2DC16F5E7210074DC8A /* GLView.mm */,
				C334A2DE16F5E7840074DC8A /* GLRenderer.h */,
				C334A2DF16F5E7840074DC8A /* GLRenderer.mm */,
				C334A2E516F5F4090074DC8A /* BaseArView.h */,
				C334A2E616F5F4090074DC8A /* BaseArView.mm */,
			);
			name = UI;
			sourceTree = "<group>";
		};
		C334A2E816F63F8D0074DC8A /* Model */ = {
			isa = PBXGroup;
			children = (
				C334A2ED16F6413E0074DC8A /* BasePipe.cpp */,
				C334A2EE16F6413E0074DC8A /* BasePipe.h */,
				C334A2F316F641E40074DC8A /* BaseFrameSource.cpp */,
				C334A2F416F641E40074DC8A /* BaseFrameSource.h */,
				C334A2F616F6422B0074DC8A /* BasePipeOutput.cpp */,
				C334A2F716F6422B0074DC8A /* BasePipeOutput.h */,
				C334A2FA16F643B10074DC8A /* BaseFrameContainer.cpp */,
				C334A2FB16F643B10074DC8A /* BaseFrameContainer.h */,
				C334A30016F650340074DC8A /* Frame.cpp */,
				C334A30116F650340074DC8A /* Frame.h */,
				C3BEB9BE17116202000B5C72 /* PipeLine.cpp */,
				C3BEB9BF17116203000B5C72 /* PipeLine.h */,
				C3BEB9C91711D688000B5C72 /* Shapes.cpp */,
				C3BEB9CA1711D688000B5C72 /* Shapes.h */,
				C3AA3B9117196AF500152746 /* Marker.cpp */,
				C3AA3B9217196AF500152746 /* Marker.h */,
				C3C4902D173EF4190076DD78 /* PipeMerge.cpp */,
				C3C4902E173EF4190076DD78 /* PipeMerge.h */,
			);
			name = Model;
			sourceTree = "<group>";
		};
		C334A2F916F643290074DC8A /* iOSconnectors */ = {
			isa = PBXGroup;
			children = (
				C334A2FD16F644FD0074DC8A /* CameraFrameSource.h */,
				C334A2FE16F644FD0074DC8A /* CameraFrameSource.mm */,
				C39B025D16FF701A006A0A6E /* PipeOutputConnector.cpp */,
				C39B025E16FF701A006A0A6E /* PipeOutputConnector.h */,
			);
			name = iOSconnectors;
			sourceTree = "<group>";
		};
		C380367316F47DE400961368 = {
			isa = PBXGroup;
			children = (
				C380368516F47DE400961368 /* AR */,
				C380367E16F47DE400961368 /* Frameworks */,
				C380367D16F47DE400961368 /* Products */,
				C334A2D916F4979D0074DC8A /* ARFramework */,
			);
			sourceTree = "<group>";
		};
		C380367D16F47DE400961368 /* Products */ = {
			isa = PBXGroup;
			children = (
				C380367C16F47DE400961368 /* AR.app */,
			);
			name = Products;
			sourceTree = "<group>";
		};
		C380367E16F47DE400961368 /* Frameworks */ = {
			isa = PBXGroup;
			children = (
				C3D69EE9173E64F1004DE7FF /* libc++.dylib */,
				C39B025A16FF6599006A0A6E /* ImageIO.framework */,
				C39B025816FF6557006A0A6E /* AVFoundation.framework */,
				C39B025616FF645B006A0A6E /* CoreMedia.framework */,
				C39B025416FF63EA006A0A6E /* CoreVideo.framework */,
				C334A2E316F5EBB90074DC8A /* QuartzCore.framework */,
				C334A2E116F5E9DF0074DC8A /* OpenGLES.framework */,
				C334A2D716F4978B0074DC8A /* opencv2.framework */,
				C380367F16F47DE400961368 /* UIKit.framework */,
				C380368116F47DE400961368 /* Foundation.framework */,
				C380368316F47DE400961368 /* CoreGraphics.framework */,
			);
			name = Frameworks;
			sourceTree = "<group>";
		};
		C380368516F47DE400961368 /* AR */ = {
			isa = PBXGroup;
			children = (
				C380368E16F47DE500961368 /* AppDelegate.h */,
				C380368F16F47DE500961368 /* AppDelegate.mm */,
				C380369716F47DE500961368 /* ViewController.h */,
				C380369816F47DE500961368 /* ViewController.mm */,
				C380369A16F47DE500961368 /* ViewController.xib */,
				C380368616F47DE500961368 /* Supporting Files */,
			);
			path = AR;
			sourceTree = "<group>";
		};
		C380368616F47DE500961368 /* Supporting Files */ = {
			isa = PBXGroup;
			children = (
				C3CB29061709DC840068E8BA /* original-coffee-88.jpg */,
				C380368716F47DE500961368 /* AR-Info.plist */,
				C380368816F47DE500961368 /* InfoPlist.strings */,
				C380368B16F47DE500961368 /* main.m */,
				C380368D16F47DE500961368 /* AR-Prefix.pch */,
				C380369116F47DE500961368 /* Default.png */,
				C380369316F47DE500961368 /* Default@2x.png */,
				C380369516F47DE500961368 /* Default-568h@2x.png */,
			);
			name = "Supporting Files";
			sourceTree = "<group>";
		};
		C3AA3B94171B3CD500152746 /* ArucoUtils */ = {
			isa = PBXGroup;
			children = (
				C3AA3B95171B3E2400152746 /* cameraparameters.cpp */,
				C3AA3B96171B3E2400152746 /* cameraparameters.h */,
			);
			name = ArucoUtils;
			sourceTree = "<group>";
		};
		C3AA3B98171B3EC900152746 /* Detectors */ = {
			isa = PBXGroup;
			children = (
				C3AA3B99171B41BF00152746 /* SquareMarkerDetector.cpp */,
				C3AA3B9A171B41BF00152746 /* SquareMarkerDetector.h */,
			);
			name = Detectors;
			sourceTree = "<group>";
		};
		C3BEB9C41711C711000B5C72 /* Recognizers */ = {
			isa = PBXGroup;
			children = (
				C3BEB9C61711C759000B5C72 /* FindContours.cpp */,
				C3BEB9C71711C759000B5C72 /* FindContours.h */,
				C3AA3B8E1719611600152746 /* DetectPolygons.cpp */,
				C3AA3B8F1719611600152746 /* DetectPolygons.h */,
			);
			name = Recognizers;
			sourceTree = "<group>";
		};
		C3BEB9C51711C728000B5C72 /* Drawers */ = {
			isa = PBXGroup;
			children = (
				C3BEB9CC1711F749000B5C72 /* DrawContrours.cpp */,
				C3BEB9CD1711F749000B5C72 /* DrawContrours.h */,
			);
			name = Drawers;
			sourceTree = "<group>";
		};
		C3CB29081709F94D0068E8BA /* Pipes */ = {
			isa = PBXGroup;
			children = (
				C3D69EE5173E5BC3004DE7FF /* CameraApply */,
				C3D69EE1173E59D7004DE7FF /* MarkerIdentifiers */,
				C3AA3B98171B3EC900152746 /* Detectors */,
				C3BEB9C51711C728000B5C72 /* Drawers */,
				C3BEB9C41711C711000B5C72 /* Recognizers */,
				C3CB2910170A1B560068E8BA /* Effects */,
				C3CB29091709F95C0068E8BA /* Basic */,
			);
			name = Pipes;
			sourceTree = "<group>";
		};
		C3CB29091709F95C0068E8BA /* Basic */ = {
			isa = PBXGroup;
			children = (
				C3CB290A1709F9C10068E8BA /* PolarRotate.cpp */,
				C3CB290B1709F9C10068E8BA /* PolarRotate.h */,
			);
			name = Basic;
			sourceTree = "<group>";
		};
		C3CB2910170A1B560068E8BA /* Effects */ = {
			isa = PBXGroup;
			children = (
				C3CB290D170A1A7E0068E8BA /* Threshold.cpp */,
				C3CB290E170A1A7F0068E8BA /* Threshold.h */,
				C3BEB9B81710AA8F000B5C72 /* BlackAndWhite.cpp */,
				C3BEB9B91710AA8F000B5C72 /* BlackAndWhite.h */,
				C3BEB9BB17116141000B5C72 /* Canny.cpp */,
				C3BEB9BC17116141000B5C72 /* Canny.h */,
				C3BEB9C11711AFF5000B5C72 /* Blur.cpp */,
				C3BEB9C21711AFF6000B5C72 /* Blur.h */,
			);
			name = Effects;
			sourceTree = "<group>";
		};
		C3D69EE1173E59D7004DE7FF /* MarkerIdentifiers */ = {
			isa = PBXGroup;
			children = (
				C3D69EE2173E5AD5004DE7FF /* FiducidalMarkerIdentifier.cpp */,
				C3D69EE3173E5AD5004DE7FF /* FiducidalMarkerIdentifier.h */,
			);
			name = MarkerIdentifiers;
			sourceTree = "<group>";
		};
		C3D69EE5173E5BC3004DE7FF /* CameraApply */ = {
			isa = PBXGroup;
			children = (
				C3D69EE6173E5C09004DE7FF /* CameraApply.cpp */,
				C3D69EE7173E5C09004DE7FF /* CameraApply.h */,
			);
			name = CameraApply;
			sourceTree = "<group>";
		};
/* End PBXGroup section */

/* Begin PBXNativeTarget section */
		C380367B16F47DE400961368 /* AR */ = {
			isa = PBXNativeTarget;
			buildConfigurationList = C380369F16F47DE500961368 /* Build configuration list for PBXNativeTarget "AR" */;
			buildPhases = (
				C380367816F47DE400961368 /* Sources */,
				C380367916F47DE400961368 /* Frameworks */,
				C380367A16F47DE400961368 /* Resources */,
			);
			buildRules = (
			);
			dependencies = (
			);
			name = AR;
			productName = AR;
			productReference = C380367C16F47DE400961368 /* AR.app */;
			productType = "com.apple.product-type.application";
		};
/* End PBXNativeTarget section */

/* Begin PBXProject section */
		C380367416F47DE400961368 /* Project object */ = {
			isa = PBXProject;
			attributes = {
				LastUpgradeCheck = 0460;
				ORGANIZATIONNAME = "storyous.com s.r.o.";
			};
			buildConfigurationList = C380367716F47DE400961368 /* Build configuration list for PBXProject "AR" */;
			compatibilityVersion = "Xcode 3.2";
			developmentRegion = English;
			hasScannedForEncodings = 0;
			knownRegions = (
				en,
			);
			mainGroup = C380367316F47DE400961368;
			productRefGroup = C380367D16F47DE400961368 /* Products */;
			projectDirPath = "";
			projectRoot = "";
			targets = (
				C380367B16F47DE400961368 /* AR */,
			);
		};
/* End PBXProject section */

/* Begin PBXResourcesBuildPhase section */
		C380367A16F47DE400961368 /* Resources */ = {
			isa = PBXResourcesBuildPhase;
			buildActionMask = 2147483647;
			files = (
				C380368A16F47DE500961368 /* InfoPlist.strings in Resources */,
				C380369216F47DE500961368 /* Default.png in Resources */,
				C380369416F47DE500961368 /* Default@2x.png in Resources */,
				C380369616F47DE500961368 /* Default-568h@2x.png in Resources */,
				C380369C16F47DE500961368 /* ViewController.xib in Resources */,
				C3CB29071709DC840068E8BA /* original-coffee-88.jpg in Resources */,
			);
			runOnlyForDeploymentPostprocessing = 0;
		};
/* End PBXResourcesBuildPhase section */

/* Begin PBXSourcesBuildPhase section */
		C380367816F47DE400961368 /* Sources */ = {
			isa = PBXSourcesBuildPhase;
			buildActionMask = 2147483647;
			files = (
				C380368C16F47DE500961368 /* main.m in Sources */,
				C380369016F47DE500961368 /* AppDelegate.mm in Sources */,
				C380369916F47DE500961368 /* ViewController.mm in Sources */,
				C334A2DD16F5E7210074DC8A /* GLView.mm in Sources */,
				C334A2E016F5E7840074DC8A /* GLRenderer.mm in Sources */,
				C334A2E716F5F4090074DC8A /* BaseArView.mm in Sources */,
				C334A2EF16F6413E0074DC8A /* BasePipe.cpp in Sources */,
				C334A2F516F641E40074DC8A /* BaseFrameSource.cpp in Sources */,
				C334A2F816F6422B0074DC8A /* BasePipeOutput.cpp in Sources */,
				C334A2FC16F643B10074DC8A /* BaseFrameContainer.cpp in Sources */,
				C334A2FF16F644FD0074DC8A /* CameraFrameSource.mm in Sources */,
				C334A30216F650340074DC8A /* Frame.cpp in Sources */,
				C39B025F16FF701A006A0A6E /* PipeOutputConnector.cpp in Sources */,
				C3CB290C1709F9C10068E8BA /* PolarRotate.cpp in Sources */,
				C3CB290F170A1A7F0068E8BA /* Threshold.cpp in Sources */,
				C3BEB9BA1710AA90000B5C72 /* BlackAndWhite.cpp in Sources */,
				C3BEB9BD17116141000B5C72 /* Canny.cpp in Sources */,
				C3BEB9C017116204000B5C72 /* PipeLine.cpp in Sources */,
				C3BEB9C31711AFF6000B5C72 /* Blur.cpp in Sources */,
				C3BEB9C81711C759000B5C72 /* FindContours.cpp in Sources */,
				C3BEB9CB1711D688000B5C72 /* Shapes.cpp in Sources */,
				C3BEB9CE1711F749000B5C72 /* DrawContrours.cpp in Sources */,
				C3AA3B901719611600152746 /* DetectPolygons.cpp in Sources */,
				C3AA3B9317196AF500152746 /* Marker.cpp in Sources */,
				C3AA3B97171B3E2400152746 /* cameraparameters.cpp in Sources */,
				C3AA3B9B171B41BF00152746 /* SquareMarkerDetector.cpp in Sources */,
				C3D69EE4173E5AD5004DE7FF /* FiducidalMarkerIdentifier.cpp in Sources */,
				C3D69EE8173E5C09004DE7FF /* CameraApply.cpp in Sources */,
				C3C4902F173EF4190076DD78 /* PipeMerge.cpp in Sources */,
			);
			runOnlyForDeploymentPostprocessing = 0;
		};
/* End PBXSourcesBuildPhase section */

/* Begin PBXVariantGroup section */
		C380368816F47DE500961368 /* InfoPlist.strings */ = {
			isa = PBXVariantGroup;
			children = (
				C380368916F47DE500961368 /* en */,
			);
			name = InfoPlist.strings;
			sourceTree = "<group>";
		};
		C380369A16F47DE500961368 /* ViewController.xib */ = {
			isa = PBXVariantGroup;
			children = (
				C380369B16F47DE500961368 /* en */,
			);
			name = ViewController.xib;
			sourceTree = "<group>";
		};
/* End PBXVariantGroup section */

/* Begin XCBuildConfiguration section */
		C380369D16F47DE500961368 /* Debug */ = {
			isa = XCBuildConfiguration;
			buildSettings = {
				ALWAYS_SEARCH_USER_PATHS = NO;
				CLANG_CXX_LANGUAGE_STANDARD = "gnu++0x";
				CLANG_CXX_LIBRARY = "libc++";
				CLANG_WARN_CONSTANT_CONVERSION = YES;
				CLANG_WARN_EMPTY_BODY = YES;
				CLANG_WARN_ENUM_CONVERSION = YES;
				CLANG_WARN_INT_CONVERSION = YES;
				CLANG_WARN__DUPLICATE_METHOD_MATCH = YES;
				"CODE_SIGN_IDENTITY[sdk=iphoneos*]" = "iPhone Developer";
				COPY_PHASE_STRIP = NO;
				GCC_C_LANGUAGE_STANDARD = gnu99;
				GCC_DYNAMIC_NO_PIC = NO;
				GCC_OPTIMIZATION_LEVEL = 0;
				GCC_PREPROCESSOR_DEFINITIONS = (
					"DEBUG=1",
					"$(inherited)",
				);
				GCC_SYMBOLS_PRIVATE_EXTERN = NO;
				GCC_WARN_ABOUT_RETURN_TYPE = YES;
				GCC_WARN_UNINITIALIZED_AUTOS = YES;
				GCC_WARN_UNUSED_VARIABLE = YES;
				IPHONEOS_DEPLOYMENT_TARGET = 6.1;
				ONLY_ACTIVE_ARCH = YES;
				SDKROOT = iphoneos;
			};
			name = Debug;
		};
		C380369E16F47DE500961368 /* Release */ = {
			isa = XCBuildConfiguration;
			buildSettings = {
				ALWAYS_SEARCH_USER_PATHS = NO;
				CLANG_CXX_LANGUAGE_STANDARD = "gnu++0x";
				CLANG_CXX_LIBRARY = "libc++";
				CLANG_WARN_CONSTANT_CONVERSION = YES;
				CLANG_WARN_EMPTY_BODY = YES;
				CLANG_WARN_ENUM_CONVERSION = YES;
				CLANG_WARN_INT_CONVERSION = YES;
				CLANG_WARN__DUPLICATE_METHOD_MATCH = YES;
				"CODE_SIGN_IDENTITY[sdk=iphoneos*]" = "iPhone Developer";
				COPY_PHASE_STRIP = YES;
				GCC_C_LANGUAGE_STANDARD = gnu99;
				GCC_WARN_ABOUT_RETURN_TYPE = YES;
				GCC_WARN_UNINITIALIZED_AUTOS = YES;
				GCC_WARN_UNUSED_VARIABLE = YES;
				IPHONEOS_DEPLOYMENT_TARGET = 6.1;
				OTHER_CFLAGS = "-DNS_BLOCK_ASSERTIONS=1";
				SDKROOT = iphoneos;
				VALIDATE_PRODUCT = YES;
			};
			name = Release;
		};
		C38036A016F47DE500961368 /* Debug */ = {
			isa = XCBuildConfiguration;
			buildSettings = {
				FRAMEWORK_SEARCH_PATHS = (
					"$(inherited)",
					"\"$(SRCROOT)/OpenCVbuild\"",
				);
				GCC_PRECOMPILE_PREFIX_HEADER = YES;
				GCC_PREFIX_HEADER = "AR/AR-Prefix.pch";
				INFOPLIST_FILE = "AR/AR-Info.plist";
				LIBRARY_SEARCH_PATHS = (
					"$(inherited)",
					"\"$(SRCROOT)/OpenCV/3rdparty/lib\"",
				);
				PRODUCT_NAME = "$(TARGET_NAME)";
				WRAPPER_EXTENSION = app;
			};
			name = Debug;
		};
		C38036A116F47DE500961368 /* Release */ = {
			isa = XCBuildConfiguration;
			buildSettings = {
				FRAMEWORK_SEARCH_PATHS = (
					"$(inherited)",
					"\"$(SRCROOT)/OpenCVbuild\"",
				);
				GCC_PRECOMPILE_PREFIX_HEADER = YES;
				GCC_PREFIX_HEADER = "AR/AR-Prefix.pch";
				INFOPLIST_FILE = "AR/AR-Info.plist";
				LIBRARY_SEARCH_PATHS = (
					"$(inherited)",
					"\"$(SRCROOT)/OpenCV/3rdparty/lib\"",
				);
				PRODUCT_NAME = "$(TARGET_NAME)";
				WRAPPER_EXTENSION = app;
			};
			name = Release;
		};
/* End XCBuildConfiguration section */

/* Begin XCConfigurationList section */
		C380367716F47DE400961368 /* Build configuration list for PBXProject "AR" */ = {
			isa = XCConfigurationList;
			buildConfigurations = (
				C380369D16F47DE500961368 /* Debug */,
				C380369E16F47DE500961368 /* Release */,
			);
			defaultConfigurationIsVisible = 0;
			defaultConfigurationName = Release;
		};
		C380369F16F47DE500961368 /* Build configuration list for PBXNativeTarget "AR" */ = {
			isa = XCConfigurationList;
			buildConfigurations = (
				C38036A016F47DE500961368 /* Debug */,
				C38036A116F47DE500961368 /* Release */,
			);
			defaultConfigurationIsVisible = 0;
			defaultConfigurationName = Release;
		};
/* End XCConfigurationList section */
	};
	rootObject = C380367416F47DE400961368 /* Project object */;
}
